
Microsoft Visual Studio Solution File, Format Version 12.00
# Visual Studio 15
VisualStudioVersion = 15.0.28307.168
MinimumVisualStudioVersion = 10.0.40219.1
Project("{FAE04EC0-301F-11D3-BF4B-00C04F79EFBC}") = "Class_activity_week03", "Class_activity_week03\Class_activity_week03.csproj", "{092F1BE9-4184-4A40-96AE-F6027BBE9DCD}"
EndProject
Global
	GlobalSection(SolutionConfigurationPlatforms) = preSolution
		Debug|Any CPU = Debug|Any CPU
		Release|Any CPU = Release|Any CPU
	EndGlobalSection
	GlobalSection(ProjectConfigurationPlatforms) = postSolution
		{092F1BE9-4184-4A40-96AE-F6027BBE9DCD}.Debug|Any CPU.ActiveCfg = Debug|Any CPU
		{092F1BE9-4184-4A40-96AE-F6027BBE9DCD}.Debug|Any CPU.Build.0 = Debug|Any CPU
		{092F1BE9-4184-4A40-96AE-F6027BBE9DCD}.Release|Any CPU.ActiveCfg = Release|Any CPU
		{092F1BE9-4184-4A40-96AE-F6027BBE9DCD}.Release|Any CPU.Build.0 = Release|Any CPU
	EndGlobalSection
	GlobalSection(SolutionProperties) = preSolution
		HideSolutionNode = FALSE
	EndGlobalSection
	GlobalSection(ExtensibilityGlobals) = postSolution
		SolutionGuid = {A9D29F59-D23B-47C6-8AF9-33C71B0C9D93}
	EndGlobalSection
EndGlobal
